// !$*UTF8*$!
{
	archiveVersion = 1;
	classes = {
	};
	objectVersion = 46;
	objects = {

/* Begin PBXBuildFile section */
		13CDE1961C576AB90099B4FC /* AppDelegate.swift in Sources */ = {isa = PBXBuildFile; fileRef = 13CDE1951C576AB90099B4FC /* AppDelegate.swift */; };
		13CDE1981C576ABA0099B4FC /* ViewController.swift in Sources */ = {isa = PBXBuildFile; fileRef = 13CDE1971C576ABA0099B4FC /* ViewController.swift */; };
		13CDE19B1C576ABA0099B4FC /* Main.storyboard in Resources */ = {isa = PBXBuildFile; fileRef = 13CDE1991C576ABA0099B4FC /* Main.storyboard */; };
		13CDE19D1C576ABA0099B4FC /* Assets.xcassets in Resources */ = {isa = PBXBuildFile; fileRef = 13CDE19C1C576ABA0099B4FC /* Assets.xcassets */; };
		13CDE1A01C576ABA0099B4FC /* LaunchScreen.storyboard in Resources */ = {isa = PBXBuildFile; fileRef = 13CDE19E1C576ABA0099B4FC /* LaunchScreen.storyboard */; };
/* End PBXBuildFile section */

/* Begin PBXFileReference section */
		13CDE1921C576AB90099B4FC /* JPOINSA.app */ = {isa = PBXFileReference; explicitFileType = wrapper.application; includeInIndex = 0; path = JPOINSA.app; sourceTree = BUILT_PRODUCTS_DIR; };
		13CDE1951C576AB90099B4FC /* AppDelegate.swift */ = {isa = PBXFileReference; lastKnownFileType = sourcecode.swift; path = AppDelegate.swift; sourceTree = "<group>"; };
		13CDE1971C576ABA0099B4FC /* ViewController.swift */ = {isa = PBXFileReference; lastKnownFileType = sourcecode.swift; path = ViewController.swift; sourceTree = "<group>"; };
		13CDE19A1C576ABA0099B4FC /* Base */ = {isa = PBXFileReference; lastKnownFileType = file.storyboard; name = Base; path = Base.lproj/Main.storyboard; sourceTree = "<group>"; };
		13CDE19C1C576ABA0099B4FC /* Assets.xcassets */ = {isa = PBXFileReference; lastKnownFileType = folder.assetcatalog; path = Assets.xcassets; sourceTree = "<group>"; };
		13CDE19F1C576ABA0099B4FC /* Base */ = {isa = PBXFileReference; lastKnownFileType = file.storyboard; name = Base; path = Base.lproj/LaunchScreen.storyboard; sourceTree = "<group>"; };
		13CDE1A11C576ABA0099B4FC /* Info.plist */ = {isa = PBXFileReference; lastKnownFileType = text.plist.xml; path = Info.plist; sourceTree = "<group>"; };
/* End PBXFileReference section */

/* Begin PBXFrameworksBuildPhase section */
		13CDE18F1C576AB90099B4FC /* Frameworks */ = {
			isa = PBXFrameworksBuildPhase;
			buildActionMask = 2147483647;
			files = (
			);
			runOnlyForDeploymentPostprocessing = 0;
		};
/* End PBXFrameworksBuildPhase section */

/* Begin PBXGroup section */
		13CDE1891C576AB90099B4FC = {
			isa = PBXGroup;
			children = (
				13CDE1941C576AB90099B4FC /* JPOINSA */,
				13CDE1931C576AB90099B4FC /* Products */,
			);
			sourceTree = "<group>";
		};
		13CDE1931C576AB90099B4FC /* Products */ = {
			isa = PBXGroup;
			children = (
				13CDE1921C576AB90099B4FC /* JPOINSA.app */,
			);
			name = Products;
			sourceTree = "<group>";
		};
		13CDE1941C576AB90099B4FC /* JPOINSA */ = {
			isa = PBXGroup;
			children = (
				13CDE1951C576AB90099B4FC /* AppDelegate.swift */,
				13CDE1971C576ABA0099B4FC /* ViewController.swift */,
				13CDE1991C576ABA0099B4FC /* Main.storyboard */,
				13CDE19C1C576ABA0099B4FC /* Assets.xcassets */,
				13CDE19E1C576ABA0099B4FC /* LaunchScreen.storyboard */,
				13CDE1A11C576ABA0099B4FC /* Info.plist */,
			);
			path = JPOINSA;
			sourceTree = "<group>";
		};
/* End PBXGroup section */

/* Begin PBXNativeTarget section */
		13CDE1911C576AB90099B4FC /* JPOINSA */ = {
			isa = PBXNativeTarget;
			buildConfigurationList = 13CDE1A41C576ABA0099B4FC /* Build configuration list for PBXNativeTarget "JPOINSA" */;
			buildPhases = (
				13CDE18E1C576AB90099B4FC /* Sources */,
				13CDE18F1C576AB90099B4FC /* Frameworks */,
				13CDE1901C576AB90099B4FC /* Resources */,
			);
			buildRules = (
			);
			dependencies = (
			);
			name = JPOINSA;
			productName = JPOINSA;
			productReference = 13CDE1921C576AB90099B4FC /* JPOINSA.app */;
			productType = "com.apple.product-type.application";
		};
/* End PBXNativeTarget section */

/* Begin PBXProject section */
		13CDE18A1C576AB90099B4FC /* Project object */ = {
			isa = PBXProject;
			attributes = {
				LastSwiftUpdateCheck = 0720;
				LastUpgradeCheck = 0720;
				ORGANIZATIONNAME = gautierdelorme;
				TargetAttributes = {
					13CDE1911C576AB90099B4FC = {
						CreatedOnToolsVersion = 7.2;
					};
				};
			};
			buildConfigurationList = 13CDE18D1C576AB90099B4FC /* Build configuration list for PBXProject "JPOINSA" */;
			compatibilityVersion = "Xcode 3.2";
			developmentRegion = English;
			hasScannedForEncodings = 0;
			knownRegions = (
				en,
				Base,
			);
			mainGroup = 13CDE1891C576AB90099B4FC;
			productRefGroup = 13CDE1931C576AB90099B4FC /* Products */;
			projectDirPath = "";
			projectRoot = "";
			targets = (
				13CDE1911C576AB90099B4FC /* JPOINSA */,
			);
		};
/* End PBXProject section */

/* Begin PBXResourcesBuildPhase section */
		13CDE1901C576AB90099B4FC /* Resources */ = {
			isa = PBXResourcesBuildPhase;
			buildActionMask = 2147483647;
			files = (
				13CDE1A01C576ABA0099B4FC /* LaunchScreen.storyboard in Resources */,
				13CDE19D1C576ABA0099B4FC /* Assets.xcassets in Resources */,
				13CDE19B1C576ABA0099B4FC /* Main.storyboard in Resources */,
			);
			runOnlyForDeploymentPostprocessing = 0;
		};
/* End PBXResourcesBuildPhase section */

/* Begin PBXSourcesBuildPhase section */
		13CDE18E1C576AB90099B4FC /* Sources */ = {
			isa = PBXSourcesBuildPhase;
			buildActionMask = 2147483647;
			files = (
				13CDE1981C576ABA0099B4FC /* ViewController.swift in Sources */,
				13CDE1961C576AB90099B4FC /* AppDelegate.swift in Sources */,
			);
			runOnlyForDeploymentPostprocessing = 0;
		};
/* End PBXSourcesBuildPhase section */

/* Begin PBXVariantGroup section */
		13CDE1991C576ABA0099B4FC /* Main.storyboard */ = {
			isa = PBXVariantGroup;
			children = (
				13CDE19A1C576ABA0099B4FC /* Base */,
			);
			name = Main.storyboard;
			sourceTree = "<group>";
		};
		13CDE19E1C576ABA0099B4FC /* LaunchScreen.storyboard */ = {
			isa = PBXVariantGroup;
			children = (
				13CDE19F1C576ABA0099B4FC /* Base */,
			);
			name = LaunchScreen.storyboard;
			sourceTree = "<group>";
		};
/* End PBXVariantGroup section */

/* Begin XCBuildConfiguration section */
		13CDE1A21C576ABA0099B4FC /* Debug */ = {
			isa = XCBuildConfiguration;
			buildSettings = {
				ALWAYS_SEARCH_USER_PATHS = NO;
				CLANG_CXX_LANGUAGE_STANDARD = "gnu++0x";
				CLANG_CXX_LIBRARY = "libc++";
				CLANG_ENABLE_MODULES = YES;
				CLANG_ENABLE_OBJC_ARC = YES;
				CLANG_WARN_BOOL_CONVERSION = YES;
				CLANG_WARN_CONSTANT_CONVERSION = YES;
				CLANG_WARN_DIRECT_OBJC_ISA_USAGE = YES_ERROR;
				CLANG_WARN_EMPTY_BODY = YES;
				CLANG_WARN_ENUM_CONVERSION = YES;
				CLANG_WARN_INT_CONVERSION = YES;
				CLANG_WARN_OBJC_ROOT_CLASS = YES_ERROR;
				CLANG_WARN_UNREACHABLE_CODE = YES;
				CLANG_WARN__DUPLICATE_METHOD_MATCH = YES;
				"CODE_SIGN_IDENTITY[sdk=iphoneos*]" = "iPhone Developer";
				COPY_PHASE_STRIP = NO;
				DEBUG_INFORMATION_FORMAT = dwarf;
				ENABLE_STRICT_OBJC_MSGSEND = YES;
				ENABLE_TESTABILITY = YES;
				GCC_C_LANGUAGE_STANDARD = gnu99;
				GCC_DYNAMIC_NO_PIC = NO;
				GCC_NO_COMMON_BLOCKS = YES;
				GCC_OPTIMIZATION_LEVEL = 0;
				GCC_PREPROCESSOR_DEFINITIONS = (
					"DEBUG=1",
					"$(inherited)",
				);
				GCC_WARN_64_TO_32_BIT_CONVERSION = YES;
				GCC_WARN_ABOUT_RETURN_TYPE = YES_ERROR;
				GCC_WARN_UNDECLARED_SELECTOR = YES;
				GCC_WARN_UNINITIALIZED_AUTOS = YES_AGGRESSIVE;
				GCC_WARN_UNUSED_FUNCTION = YES;
				GCC_WARN_UNUSED_VARIABLE = YES;
				IPHONEOS_DEPLOYMENT_TARGET = 9.2;
				MTL_ENABLE_DEBUG_INFO = YES;
				ONLY_ACTIVE_ARCH = YES;
				SDKROOT = iphoneos;
				SWIFT_OPTIMIZATION_LEVEL = "-Onone";
				TARGETED_DEVICE_FAMILY = "1,2";
			};
			name = Debug;
		};
		13CDE1A31C576ABA0099B4FC /* Release */ = {
			isa = XCBuildConfiguration;
			buildSettings = {
				ALWAYS_SEARCH_USER_PATHS = NO;
				CLANG_CXX_LANGUAGE_STANDARD = "gnu++0x";
				CLANG_CXX_LIBRARY = "libc++";
				CLANG_ENABLE_MODULES = YES;
				CLANG_ENABLE_OBJC_ARC = YES;
				CLANG_WARN_BOOL_CONVERSION = YES;
				CLANG_WARN_CONSTANT_CONVERSION = YES;
				CLANG_WARN_DIRECT_OBJC_ISA_USAGE = YES_ERROR;
				CLANG_WARN_EMPTY_BODY = YES;
				CLANG_WARN_ENUM_CONVERSION = YES;
				CLANG_WARN_INT_CONVERSION = YES;
				CLANG_WARN_OBJC_ROOT_CLASS = YES_ERROR;
				CLANG_WARN_UNREACHABLE_CODE = YES;
				CLANG_WARN__DUPLICATE_METHOD_MATCH = YES;
				"CODE_SIGN_IDENTITY[sdk=iphoneos*]" = "iPhone Developer";
				COPY_PHASE_STRIP = NO;
				DEBUG_INFORMATION_FORMAT = "dwarf-with-dsym";
				ENABLE_NS_ASSERTIONS = NO;
				ENABLE_STRICT_OBJC_MSGSEND = YES;
				GCC_C_LANGUAGE_STANDARD = gnu99;
				GCC_NO_COMMON_BLOCKS = YES;
				GCC_WARN_64_TO_32_BIT_CONVERSION = YES;
				GCC_WARN_ABOUT_RETURN_TYPE = YES_ERROR;
				GCC_WARN_UNDECLARED_SELECTOR = YES;
				GCC_WARN_UNINITIALIZED_AUTOS = YES_AGGRESSIVE;
				GCC_WARN_UNUSED_FUNCTION = YES;
				GCC_WARN_UNUSED_VARIABLE = YES;
				IPHONEOS_DEPLOYMENT_TARGET = 9.2;
				MTL_ENABLE_DEBUG_INFO = NO;
				SDKROOT = iphoneos;
				TARGETED_DEVICE_FAMILY = "1,2";
				VALIDATE_PRODUCT = YES;
			};
			name = Release;
		};
		13CDE1A51C576ABA0099B4FC /* Debug */ = {
			isa = XCBuildConfiguration;
			buildSettings = {
				ASSETCATALOG_COMPILER_APPICON_NAME = AppIcon;
				INFOPLIST_FILE = JPOINSA/Info.plist;
				LD_RUNPATH_SEARCH_PATHS = "$(inherited) @executable_path/Frameworks";
				PRODUCT_BUNDLE_IDENTIFIER = com.gautierdelorme.JPOINSA;
				PRODUCT_NAME = "$(TARGET_NAME)";
			};
			name = Debug;
		};
		13CDE1A61C576ABA0099B4FC /* Release */ = {
			isa = XCBuildConfiguration;
			buildSettings = {
				ASSETCATALOG_COMPILER_APPICON_NAME = AppIcon;
				INFOPLIST_FILE = JPOINSA/Info.plist;
				LD_RUNPATH_SEARCH_PATHS = "$(inherited) @executable_path/Frameworks";
				PRODUCT_BUNDLE_IDENTIFIER = com.gautierdelorme.JPOINSA;
				PRODUCT_NAME = "$(TARGET_NAME)";
			};
			name = Release;
		};
/* End XCBuildConfiguration section */

/* Begin XCConfigurationList section */
		13CDE18D1C576AB90099B4FC /* Build configuration list for PBXProject "JPOINSA" */ = {
			isa = XCConfigurationList;
			buildConfigurations = (
				13CDE1A21C576ABA0099B4FC /* Debug */,
				13CDE1A31C576ABA0099B4FC /* Release */,
			);
			defaultConfigurationIsVisible = 0;
			defaultConfigurationName = Release;
		};
		13CDE1A41C576ABA0099B4FC /* Build configuration list for PBXNativeTarget "JPOINSA" */ = {
			isa = XCConfigurationList;
			buildConfigurations = (
				13CDE1A51C576ABA0099B4FC /* Debug */,
				13CDE1A61C576ABA0099B4FC /* Release */,
			);
			defaultConfigurationIsVisible = 0;
		};
/* End XCConfigurationList section */
	};
	rootObject = 13CDE18A1C576AB90099B4FC /* Project object */;
}
